
Microsoft Visual Studio Solution File, Format Version 11.00
# Visual Studio 2010
Project("{FAE04EC0-301F-11D3-BF4B-00C04F79EFBC}") = "Assembly-CSharp", "Assembly-CSharp.csproj", "{c939e950-d6b1-8bf9-6b29-4589e0878521}"
EndProject
Global
	GlobalSection(SolutionConfigurationPlatforms) = preSolution
		Debug|Any CPU = Debug|Any CPU
		Release|Any CPU = Release|Any CPU
	EndGlobalSection
	GlobalSection(ProjectConfigurationPlatforms) = postSolution
		{c939e950-d6b1-8bf9-6b29-4589e0878521}.Debug|Any CPU.ActiveCfg = Debug|Any CPU
		{c939e950-d6b1-8bf9-6b29-4589e0878521}.Debug|Any CPU.Build.0 = Debug|Any CPU
		{c939e950-d6b1-8bf9-6b29-4589e0878521}.Release|Any CPU.ActiveCfg = Release|Any CPU
		{c939e950-d6b1-8bf9-6b29-4589e0878521}.Release|Any CPU.Build.0 = Release|Any CPU
	EndGlobalSection
	GlobalSection(SolutionProperties) = preSolution
		HideSolutionNode = FALSE
	EndGlobalSection
EndGlobal
